schema: '2.0'
stages:
  data_preparation:
    cmd: python src/stage_01_prepare_data.py
    deps:
    - path: data/data.xml
      md5: a304afb96060aad90176268345e10355
      size: 37891850
    - path: src/stage_01_prepare_data.py
      md5: c55a65d906c0f2ace98ca2da7554ac83
      size: 2193
    - path: src/utils
      md5: 5f8c37361dfdc6fb0d8f1eb25c6d51c9.dir
      size: 5957
      nfiles: 6
    outs:
    - path: artifacts/prepared
      md5: dc639257fd7e43c167de7349d66763c4.dir
      size: 23886351
      nfiles: 2
  featurization:
    cmd: python src/stage_02_featurization.py
    deps:
    - path: artifacts/prepared
      md5: dc639257fd7e43c167de7349d66763c4.dir
      size: 23886351
      nfiles: 2
    - path: src/stage_02_featurization.py
      md5: 9d46040dd39d0beeac428287c7f39cb3
      size: 3127
    - path: src/utils
      md5: 5f8c37361dfdc6fb0d8f1eb25c6d51c9.dir
      size: 5957
      nfiles: 6
    outs:
    - path: artifacts/features
      md5: 2638a56d12c43583c71dc6f020a45b54.dir
      size: 12272480
      nfiles: 2
  train:
    cmd: python src/stage_03_train.py
    deps:
    - path: artifacts/features/train.pkl
      md5: 296954b676c7102e4212fa3e7d7691ed
      size: 8558640
    - path: src/stage_03_train.py
      md5: e9c1b6dae4406d3b4c48e70852e7492a
      size: 2460
    - path: src/utils
      md5: 5f8c37361dfdc6fb0d8f1eb25c6d51c9.dir
      size: 5957
      nfiles: 6
    outs:
    - path: artifacts/model/model.pkl
      md5: 4753dde91d321465760505101841392e
      size: 3119312
  evaluate:
    cmd: python src/stage_04_evaluate.py
    deps:
    - path: artifacts/features/test.pkl
      md5: 082d39185c64d407966f659a8f55a7fb
      size: 3713840
    - path: artifacts/model/model.pkl
      md5: 4753dde91d321465760505101841392e
      size: 3119312
    - path: src/stage_04_evaluate.py
      md5: e1bdf322580da89df61a32d9ef94b408
      size: 3547
    - path: src/utils
      md5: 5f8c37361dfdc6fb0d8f1eb25c6d51c9.dir
      size: 5957
      nfiles: 6
    outs:
    - path: prc.json
      md5: b449f598f69d72f2301e91f663c772fc
      size: 145994
    - path: roc.json
      md5: 6698a6e65203558413960e6ee955e2c2
      size: 138910
    - path: scores.json
      md5: 998d585d339f75a78e5691960b51a995
      size: 76
